// !$*UTF8*$!
{
	archiveVersion = 1;
	classes = {
	};
	objectVersion = 50;
	objects = {

/* Begin PBXBuildFile section */
		DFF54D7E24B4CFCA00C1F9A2 /* AppDelegate.swift in Sources */ = {isa = PBXBuildFile; fileRef = DFF54D7D24B4CFCA00C1F9A2 /* AppDelegate.swift */; };
		DFF54D8024B4CFCA00C1F9A2 /* SceneDelegate.swift in Sources */ = {isa = PBXBuildFile; fileRef = DFF54D7F24B4CFCA00C1F9A2 /* SceneDelegate.swift */; };
		DFF54D8524B4CFCA00C1F9A2 /* Main.storyboard in Resources */ = {isa = PBXBuildFile; fileRef = DFF54D8324B4CFCA00C1F9A2 /* Main.storyboard */; };
		DFF54D8824B4CFCA00C1F9A2 /* MemoByHong.xcdatamodeld in Sources */ = {isa = PBXBuildFile; fileRef = DFF54D8624B4CFCA00C1F9A2 /* MemoByHong.xcdatamodeld */; };
		DFF54D8A24B4CFCC00C1F9A2 /* Assets.xcassets in Resources */ = {isa = PBXBuildFile; fileRef = DFF54D8924B4CFCC00C1F9A2 /* Assets.xcassets */; };
		DFF54D8D24B4CFCC00C1F9A2 /* LaunchScreen.storyboard in Resources */ = {isa = PBXBuildFile; fileRef = DFF54D8B24B4CFCC00C1F9A2 /* LaunchScreen.storyboard */; };
		DFF54D9824B4D1EB00C1F9A2 /* MemoData.swift in Sources */ = {isa = PBXBuildFile; fileRef = DFF54D9724B4D1EB00C1F9A2 /* MemoData.swift */; };
		DFF54D9A24B4DA3900C1F9A2 /* DetailViewController.swift in Sources */ = {isa = PBXBuildFile; fileRef = DFF54D9924B4DA3900C1F9A2 /* DetailViewController.swift */; };
		DFF54D9C24B4DC5A00C1F9A2 /* HomeViewController.swift in Sources */ = {isa = PBXBuildFile; fileRef = DFF54D9B24B4DC5A00C1F9A2 /* HomeViewController.swift */; };
		DFF54D9E24B4DDDF00C1F9A2 /* AutoLayoutControl.swift in Sources */ = {isa = PBXBuildFile; fileRef = DFF54D9D24B4DDDF00C1F9A2 /* AutoLayoutControl.swift */; };
/* End PBXBuildFile section */

/* Begin PBXFileReference section */
		DFF54D7A24B4CFCA00C1F9A2 /* MemoByHong.app */ = {isa = PBXFileReference; explicitFileType = wrapper.application; includeInIndex = 0; path = MemoByHong.app; sourceTree = BUILT_PRODUCTS_DIR; };
		DFF54D7D24B4CFCA00C1F9A2 /* AppDelegate.swift */ = {isa = PBXFileReference; lastKnownFileType = sourcecode.swift; path = AppDelegate.swift; sourceTree = "<group>"; };
		DFF54D7F24B4CFCA00C1F9A2 /* SceneDelegate.swift */ = {isa = PBXFileReference; lastKnownFileType = sourcecode.swift; path = SceneDelegate.swift; sourceTree = "<group>"; };
		DFF54D8424B4CFCA00C1F9A2 /* Base */ = {isa = PBXFileReference; lastKnownFileType = file.storyboard; name = Base; path = Base.lproj/Main.storyboard; sourceTree = "<group>"; };
		DFF54D8724B4CFCA00C1F9A2 /* MemoByHong.xcdatamodel */ = {isa = PBXFileReference; lastKnownFileType = wrapper.xcdatamodel; path = MemoByHong.xcdatamodel; sourceTree = "<group>"; };
		DFF54D8924B4CFCC00C1F9A2 /* Assets.xcassets */ = {isa = PBXFileReference; lastKnownFileType = folder.assetcatalog; path = Assets.xcassets; sourceTree = "<group>"; };
		DFF54D8C24B4CFCC00C1F9A2 /* Base */ = {isa = PBXFileReference; lastKnownFileType = file.storyboard; name = Base; path = Base.lproj/LaunchScreen.storyboard; sourceTree = "<group>"; };
		DFF54D8E24B4CFCC00C1F9A2 /* Info.plist */ = {isa = PBXFileReference; lastKnownFileType = text.plist.xml; path = Info.plist; sourceTree = "<group>"; };
		DFF54D9724B4D1EB00C1F9A2 /* MemoData.swift */ = {isa = PBXFileReference; lastKnownFileType = sourcecode.swift; path = MemoData.swift; sourceTree = "<group>"; };
		DFF54D9924B4DA3900C1F9A2 /* DetailViewController.swift */ = {isa = PBXFileReference; lastKnownFileType = sourcecode.swift; path = DetailViewController.swift; sourceTree = "<group>"; };
		DFF54D9B24B4DC5A00C1F9A2 /* HomeViewController.swift */ = {isa = PBXFileReference; lastKnownFileType = sourcecode.swift; path = HomeViewController.swift; sourceTree = "<group>"; };
		DFF54D9D24B4DDDF00C1F9A2 /* AutoLayoutControl.swift */ = {isa = PBXFileReference; lastKnownFileType = sourcecode.swift; path = AutoLayoutControl.swift; sourceTree = "<group>"; };
/* End PBXFileReference section */

/* Begin PBXFrameworksBuildPhase section */
		DFF54D7724B4CFCA00C1F9A2 /* Frameworks */ = {
			isa = PBXFrameworksBuildPhase;
			buildActionMask = 2147483647;
			files = (
			);
			runOnlyForDeploymentPostprocessing = 0;
		};
/* End PBXFrameworksBuildPhase section */

/* Begin PBXGroup section */
		DFF54D7124B4CFCA00C1F9A2 = {
			isa = PBXGroup;
			children = (
				DFF54D7C24B4CFCA00C1F9A2 /* MemoByHong */,
				DFF54D7B24B4CFCA00C1F9A2 /* Products */,
			);
			sourceTree = "<group>";
		};
		DFF54D7B24B4CFCA00C1F9A2 /* Products */ = {
			isa = PBXGroup;
			children = (
				DFF54D7A24B4CFCA00C1F9A2 /* MemoByHong.app */,
			);
			name = Products;
			sourceTree = "<group>";
		};
		DFF54D7C24B4CFCA00C1F9A2 /* MemoByHong */ = {
			isa = PBXGroup;
			children = (
				DFF54D9624B4D14800C1F9A2 /* Controller */,
				DFF54D9524B4D14000C1F9A2 /* Model */,
				DFF54D9424B4D12E00C1F9A2 /* View */,
				DFF54D7D24B4CFCA00C1F9A2 /* AppDelegate.swift */,
				DFF54D7F24B4CFCA00C1F9A2 /* SceneDelegate.swift */,
				DFF54D8324B4CFCA00C1F9A2 /* Main.storyboard */,
				DFF54D8924B4CFCC00C1F9A2 /* Assets.xcassets */,
				DFF54D8B24B4CFCC00C1F9A2 /* LaunchScreen.storyboard */,
				DFF54D8E24B4CFCC00C1F9A2 /* Info.plist */,
			);
			path = MemoByHong;
			sourceTree = "<group>";
		};
		DFF54D9424B4D12E00C1F9A2 /* View */ = {
			isa = PBXGroup;
			children = (
				DFF54D9D24B4DDDF00C1F9A2 /* AutoLayoutControl.swift */,
			);
			path = View;
			sourceTree = "<group>";
		};
		DFF54D9524B4D14000C1F9A2 /* Model */ = {
			isa = PBXGroup;
			children = (
				DFF54D8624B4CFCA00C1F9A2 /* MemoByHong.xcdatamodeld */,
				DFF54D9724B4D1EB00C1F9A2 /* MemoData.swift */,
			);
			path = Model;
			sourceTree = "<group>";
		};
		DFF54D9624B4D14800C1F9A2 /* Controller */ = {
			isa = PBXGroup;
			children = (
				DFF54D9B24B4DC5A00C1F9A2 /* HomeViewController.swift */,
				DFF54D9924B4DA3900C1F9A2 /* DetailViewController.swift */,
			);
			path = Controller;
			sourceTree = "<group>";
		};
/* End PBXGroup section */

/* Begin PBXNativeTarget section */
		DFF54D7924B4CFCA00C1F9A2 /* MemoByHong */ = {
			isa = PBXNativeTarget;
			buildConfigurationList = DFF54D9124B4CFCC00C1F9A2 /* Build configuration list for PBXNativeTarget "MemoByHong" */;
			buildPhases = (
				DFF54D7624B4CFCA00C1F9A2 /* Sources */,
				DFF54D7724B4CFCA00C1F9A2 /* Frameworks */,
				DFF54D7824B4CFCA00C1F9A2 /* Resources */,
			);
			buildRules = (
			);
			dependencies = (
			);
			name = MemoByHong;
			productName = MemoByHong;
			productReference = DFF54D7A24B4CFCA00C1F9A2 /* MemoByHong.app */;
			productType = "com.apple.product-type.application";
		};
/* End PBXNativeTarget section */

/* Begin PBXProject section */
		DFF54D7224B4CFCA00C1F9A2 /* Project object */ = {
			isa = PBXProject;
			attributes = {
				LastSwiftUpdateCheck = 1150;
				LastUpgradeCheck = 1150;
				ORGANIZATIONNAME = hongkimin;
				TargetAttributes = {
					DFF54D7924B4CFCA00C1F9A2 = {
						CreatedOnToolsVersion = 11.5;
					};
				};
			};
			buildConfigurationList = DFF54D7524B4CFCA00C1F9A2 /* Build configuration list for PBXProject "MemoByHong" */;
			compatibilityVersion = "Xcode 9.3";
			developmentRegion = en;
			hasScannedForEncodings = 0;
			knownRegions = (
				en,
				Base,
			);
			mainGroup = DFF54D7124B4CFCA00C1F9A2;
			productRefGroup = DFF54D7B24B4CFCA00C1F9A2 /* Products */;
			projectDirPath = "";
			projectRoot = "";
			targets = (
				DFF54D7924B4CFCA00C1F9A2 /* MemoByHong */,
			);
		};
/* End PBXProject section */

/* Begin PBXResourcesBuildPhase section */
		DFF54D7824B4CFCA00C1F9A2 /* Resources */ = {
			isa = PBXResourcesBuildPhase;
			buildActionMask = 2147483647;
			files = (
				DFF54D8D24B4CFCC00C1F9A2 /* LaunchScreen.storyboard in Resources */,
				DFF54D8A24B4CFCC00C1F9A2 /* Assets.xcassets in Resources */,
				DFF54D8524B4CFCA00C1F9A2 /* Main.storyboard in Resources */,
			);
			runOnlyForDeploymentPostprocessing = 0;
		};
/* End PBXResourcesBuildPhase section */

/* Begin PBXSourcesBuildPhase section */
		DFF54D7624B4CFCA00C1F9A2 /* Sources */ = {
			isa = PBXSourcesBuildPhase;
			buildActionMask = 2147483647;
			files = (
				DFF54D8824B4CFCA00C1F9A2 /* MemoByHong.xcdatamodeld in Sources */,
				DFF54D9824B4D1EB00C1F9A2 /* MemoData.swift in Sources */,
				DFF54D9A24B4DA3900C1F9A2 /* DetailViewController.swift in Sources */,
				DFF54D7E24B4CFCA00C1F9A2 /* AppDelegate.swift in Sources */,
				DFF54D9E24B4DDDF00C1F9A2 /* AutoLayoutControl.swift in Sources */,
				DFF54D9C24B4DC5A00C1F9A2 /* HomeViewController.swift in Sources */,
				DFF54D8024B4CFCA00C1F9A2 /* SceneDelegate.swift in Sources */,
			);
			runOnlyForDeploymentPostprocessing = 0;
		};
/* End PBXSourcesBuildPhase section */

/* Begin PBXVariantGroup section */
		DFF54D8324B4CFCA00C1F9A2 /* Main.storyboard */ = {
			isa = PBXVariantGroup;
			children = (
				DFF54D8424B4CFCA00C1F9A2 /* Base */,
			);
			name = Main.storyboard;
			sourceTree = "<group>";
		};
		DFF54D8B24B4CFCC00C1F9A2 /* LaunchScreen.storyboard */ = {
			isa = PBXVariantGroup;
			children = (
				DFF54D8C24B4CFCC00C1F9A2 /* Base */,
			);
			name = LaunchScreen.storyboard;
			sourceTree = "<group>";
		};
/* End PBXVariantGroup section */

/* Begin XCBuildConfiguration section */
		DFF54D8F24B4CFCC00C1F9A2 /* Debug */ = {
			isa = XCBuildConfiguration;
			buildSettings = {
				ALWAYS_SEARCH_USER_PATHS = NO;
				CLANG_ANALYZER_NONNULL = YES;
				CLANG_ANALYZER_NUMBER_OBJECT_CONVERSION = YES_AGGRESSIVE;
				CLANG_CXX_LANGUAGE_STANDARD = "gnu++14";
				CLANG_CXX_LIBRARY = "libc++";
				CLANG_ENABLE_MODULES = YES;
				CLANG_ENABLE_OBJC_ARC = YES;
				CLANG_ENABLE_OBJC_WEAK = YES;
				CLANG_WARN_BLOCK_CAPTURE_AUTORELEASING = YES;
				CLANG_WARN_BOOL_CONVERSION = YES;
				CLANG_WARN_COMMA = YES;
				CLANG_WARN_CONSTANT_CONVERSION = YES;
				CLANG_WARN_DEPRECATED_OBJC_IMPLEMENTATIONS = YES;
				CLANG_WARN_DIRECT_OBJC_ISA_USAGE = YES_ERROR;
				CLANG_WARN_DOCUMENTATION_COMMENTS = YES;
				CLANG_WARN_EMPTY_BODY = YES;
				CLANG_WARN_ENUM_CONVERSION = YES;
				CLANG_WARN_INFINITE_RECURSION = YES;
				CLANG_WARN_INT_CONVERSION = YES;
				CLANG_WARN_NON_LITERAL_NULL_CONVERSION = YES;
				CLANG_WARN_OBJC_IMPLICIT_RETAIN_SELF = YES;
				CLANG_WARN_OBJC_LITERAL_CONVERSION = YES;
				CLANG_WARN_OBJC_ROOT_CLASS = YES_ERROR;
				CLANG_WARN_RANGE_LOOP_ANALYSIS = YES;
				CLANG_WARN_STRICT_PROTOTYPES = YES;
				CLANG_WARN_SUSPICIOUS_MOVE = YES;
				CLANG_WARN_UNGUARDED_AVAILABILITY = YES_AGGRESSIVE;
				CLANG_WARN_UNREACHABLE_CODE = YES;
				CLANG_WARN__DUPLICATE_METHOD_MATCH = YES;
				COPY_PHASE_STRIP = NO;
				DEBUG_INFORMATION_FORMAT = dwarf;
				ENABLE_STRICT_OBJC_MSGSEND = YES;
				ENABLE_TESTABILITY = YES;
				GCC_C_LANGUAGE_STANDARD = gnu11;
				GCC_DYNAMIC_NO_PIC = NO;
				GCC_NO_COMMON_BLOCKS = YES;
				GCC_OPTIMIZATION_LEVEL = 0;
				GCC_PREPROCESSOR_DEFINITIONS = (
					"DEBUG=1",
					"$(inherited)",
				);
				GCC_WARN_64_TO_32_BIT_CONVERSION = YES;
				GCC_WARN_ABOUT_RETURN_TYPE = YES_ERROR;
				GCC_WARN_UNDECLARED_SELECTOR = YES;
				GCC_WARN_UNINITIALIZED_AUTOS = YES_AGGRESSIVE;
				GCC_WARN_UNUSED_FUNCTION = YES;
				GCC_WARN_UNUSED_VARIABLE = YES;
				IPHONEOS_DEPLOYMENT_TARGET = 13.5;
				MTL_ENABLE_DEBUG_INFO = INCLUDE_SOURCE;
				MTL_FAST_MATH = YES;
				ONLY_ACTIVE_ARCH = YES;
				SDKROOT = iphoneos;
				SWIFT_ACTIVE_COMPILATION_CONDITIONS = DEBUG;
				SWIFT_OPTIMIZATION_LEVEL = "-Onone";
			};
			name = Debug;
		};
		DFF54D9024B4CFCC00C1F9A2 /* Release */ = {
			isa = XCBuildConfiguration;
			buildSettings = {
				ALWAYS_SEARCH_USER_PATHS = NO;
				CLANG_ANALYZER_NONNULL = YES;
				CLANG_ANALYZER_NUMBER_OBJECT_CONVERSION = YES_AGGRESSIVE;
				CLANG_CXX_LANGUAGE_STANDARD = "gnu++14";
				CLANG_CXX_LIBRARY = "libc++";
				CLANG_ENABLE_MODULES = YES;
				CLANG_ENABLE_OBJC_ARC = YES;
				CLANG_ENABLE_OBJC_WEAK = YES;
				CLANG_WARN_BLOCK_CAPTURE_AUTORELEASING = YES;
				CLANG_WARN_BOOL_CONVERSION = YES;
				CLANG_WARN_COMMA = YES;
				CLANG_WARN_CONSTANT_CONVERSION = YES;
				CLANG_WARN_DEPRECATED_OBJC_IMPLEMENTATIONS = YES;
				CLANG_WARN_DIRECT_OBJC_ISA_USAGE = YES_ERROR;
				CLANG_WARN_DOCUMENTATION_COMMENTS = YES;
				CLANG_WARN_EMPTY_BODY = YES;
				CLANG_WARN_ENUM_CONVERSION = YES;
				CLANG_WARN_INFINITE_RECURSION = YES;
				CLANG_WARN_INT_CONVERSION = YES;
				CLANG_WARN_NON_LITERAL_NULL_CONVERSION = YES;
				CLANG_WARN_OBJC_IMPLICIT_RETAIN_SELF = YES;
				CLANG_WARN_OBJC_LITERAL_CONVERSION = YES;
				CLANG_WARN_OBJC_ROOT_CLASS = YES_ERROR;
				CLANG_WARN_RANGE_LOOP_ANALYSIS = YES;
				CLANG_WARN_STRICT_PROTOTYPES = YES;
				CLANG_WARN_SUSPICIOUS_MOVE = YES;
				CLANG_WARN_UNGUARDED_AVAILABILITY = YES_AGGRESSIVE;
				CLANG_WARN_UNREACHABLE_CODE = YES;
				CLANG_WARN__DUPLICATE_METHOD_MATCH = YES;
				COPY_PHASE_STRIP = NO;
				DEBUG_INFORMATION_FORMAT = "dwarf-with-dsym";
				ENABLE_NS_ASSERTIONS = NO;
				ENABLE_STRICT_OBJC_MSGSEND = YES;
				GCC_C_LANGUAGE_STANDARD = gnu11;
				GCC_NO_COMMON_BLOCKS = YES;
				GCC_WARN_64_TO_32_BIT_CONVERSION = YES;
				GCC_WARN_ABOUT_RETURN_TYPE = YES_ERROR;
				GCC_WARN_UNDECLARED_SELECTOR = YES;
				GCC_WARN_UNINITIALIZED_AUTOS = YES_AGGRESSIVE;
				GCC_WARN_UNUSED_FUNCTION = YES;
				GCC_WARN_UNUSED_VARIABLE = YES;
				IPHONEOS_DEPLOYMENT_TARGET = 13.5;
				MTL_ENABLE_DEBUG_INFO = NO;
				MTL_FAST_MATH = YES;
				SDKROOT = iphoneos;
				SWIFT_COMPILATION_MODE = wholemodule;
				SWIFT_OPTIMIZATION_LEVEL = "-O";
				VALIDATE_PRODUCT = YES;
			};
			name = Release;
		};
		DFF54D9224B4CFCC00C1F9A2 /* Debug */ = {
			isa = XCBuildConfiguration;
			buildSettings = {
				ASSETCATALOG_COMPILER_APPICON_NAME = AppIcon;
				CODE_SIGN_STYLE = Automatic;
				DEVELOPMENT_TEAM = G2PH36R3BZ;
				INFOPLIST_FILE = MemoByHong/Info.plist;
				IPHONEOS_DEPLOYMENT_TARGET = 12.0;
				LD_RUNPATH_SEARCH_PATHS = (
					"$(inherited)",
					"@executable_path/Frameworks",
				);
				PRODUCT_BUNDLE_IDENTIFIER = com.hongkimin.MemoByHong;
				PRODUCT_NAME = "$(TARGET_NAME)";
				SWIFT_VERSION = 5.0;
				TARGETED_DEVICE_FAMILY = 1;
			};
			name = Debug;
		};
		DFF54D9324B4CFCC00C1F9A2 /* Release */ = {
			isa = XCBuildConfiguration;
			buildSettings = {
				ASSETCATALOG_COMPILER_APPICON_NAME = AppIcon;
				CODE_SIGN_STYLE = Automatic;
				DEVELOPMENT_TEAM = G2PH36R3BZ;
				INFOPLIST_FILE = MemoByHong/Info.plist;
				IPHONEOS_DEPLOYMENT_TARGET = 12.0;
				LD_RUNPATH_SEARCH_PATHS = (
					"$(inherited)",
					"@executable_path/Frameworks",
				);
				PRODUCT_BUNDLE_IDENTIFIER = com.hongkimin.MemoByHong;
				PRODUCT_NAME = "$(TARGET_NAME)";
				SWIFT_VERSION = 5.0;
				TARGETED_DEVICE_FAMILY = 1;
			};
			name = Release;
		};
/* End XCBuildConfiguration section */

/* Begin XCConfigurationList section */
		DFF54D7524B4CFCA00C1F9A2 /* Build configuration list for PBXProject "MemoByHong" */ = {
			isa = XCConfigurationList;
			buildConfigurations = (
				DFF54D8F24B4CFCC00C1F9A2 /* Debug */,
				DFF54D9024B4CFCC00C1F9A2 /* Release */,
			);
			defaultConfigurationIsVisible = 0;
			defaultConfigurationName = Release;
		};
		DFF54D9124B4CFCC00C1F9A2 /* Build configuration list for PBXNativeTarget "MemoByHong" */ = {
			isa = XCConfigurationList;
			buildConfigurations = (
				DFF54D9224B4CFCC00C1F9A2 /* Debug */,
				DFF54D9324B4CFCC00C1F9A2 /* Release */,
			);
			defaultConfigurationIsVisible = 0;
			defaultConfigurationName = Release;
		};
/* End XCConfigurationList section */

/* Begin XCVersionGroup section */
		DFF54D8624B4CFCA00C1F9A2 /* MemoByHong.xcdatamodeld */ = {
			isa = XCVersionGroup;
			children = (
				DFF54D8724B4CFCA00C1F9A2 /* MemoByHong.xcdatamodel */,
			);
			currentVersion = DFF54D8724B4CFCA00C1F9A2 /* MemoByHong.xcdatamodel */;
			path = MemoByHong.xcdatamodeld;
			sourceTree = "<group>";
			versionGroupType = wrapper.xcdatamodel;
		};
/* End XCVersionGroup section */
	};
	rootObject = DFF54D7224B4CFCA00C1F9A2 /* Project object */;
}
